
Microsoft Visual Studio Solution File, Format Version 12.00
# Visual Studio Version 16
VisualStudioVersion = 16.0.32602.291
MinimumVisualStudioVersion = 10.0.40219.1
Project("{FAE04EC0-301F-11D3-BF4B-00C04F79EFBC}") = "JenkinsApp1", "JenkinsApp1\JenkinsApp1.csproj", "{478E119C-BF8B-4CEF-860D-E7B061BA2B66}"
EndProject
Global
	GlobalSection(SolutionConfigurationPlatforms) = preSolution
		Debug|Any CPU = Debug|Any CPU
		Release|Any CPU = Release|Any CPU
	EndGlobalSection
	GlobalSection(ProjectConfigurationPlatforms) = postSolution
		{478E119C-BF8B-4CEF-860D-E7B061BA2B66}.Debug|Any CPU.ActiveCfg = Debug|Any CPU
		{478E119C-BF8B-4CEF-860D-E7B061BA2B66}.Debug|Any CPU.Build.0 = Debug|Any CPU
		{478E119C-BF8B-4CEF-860D-E7B061BA2B66}.Release|Any CPU.ActiveCfg = Release|Any CPU
		{478E119C-BF8B-4CEF-860D-E7B061BA2B66}.Release|Any CPU.Build.0 = Release|Any CPU
	EndGlobalSection
	GlobalSection(SolutionProperties) = preSolution
		HideSolutionNode = FALSE
	EndGlobalSection
	GlobalSection(ExtensibilityGlobals) = postSolution
		SolutionGuid = {B7B96AD3-CFB6-4FEF-81AD-AFC568F66457}
	EndGlobalSection
EndGlobal
